
Microsoft Visual Studio Solution File, Format Version 12.00
# Visual Studio Version 16
VisualStudioVersion = 16.0.29102.190
MinimumVisualStudioVersion = 10.0.40219.1
Project("{FAE04EC0-301F-11D3-BF4B-00C04F79EFBC}") = "The Assistant", "The Assistant\The Assistant.csproj", "{1641B91F-1F0A-42C3-AECB-85858A8693F8}"
EndProject
Global
	GlobalSection(SolutionConfigurationPlatforms) = preSolution
		Debug|Any CPU = Debug|Any CPU
		Release|Any CPU = Release|Any CPU
	EndGlobalSection
	GlobalSection(ProjectConfigurationPlatforms) = postSolution
		{1641B91F-1F0A-42C3-AECB-85858A8693F8}.Debug|Any CPU.ActiveCfg = Debug|Any CPU
		{1641B91F-1F0A-42C3-AECB-85858A8693F8}.Debug|Any CPU.Build.0 = Debug|Any CPU
		{1641B91F-1F0A-42C3-AECB-85858A8693F8}.Release|Any CPU.ActiveCfg = Release|Any CPU
		{1641B91F-1F0A-42C3-AECB-85858A8693F8}.Release|Any CPU.Build.0 = Release|Any CPU
	EndGlobalSection
	GlobalSection(SolutionProperties) = preSolution
		HideSolutionNode = FALSE
	EndGlobalSection
	GlobalSection(ExtensibilityGlobals) = postSolution
		SolutionGuid = {7244BB4B-A523-49B9-83E1-7FD8667D14A9}
	EndGlobalSection
EndGlobal
